
Microsoft Visual Studio Solution File, Format Version 12.00
# Visual Studio Version 17
VisualStudioVersion = 17.13.35825.156 d17.13
MinimumVisualStudioVersion = 10.0.40219.1
Project("{FAE04EC0-301F-11D3-BF4B-00C04F79EFBC}") = "Homework7", "Homework7\Homework7.csproj", "{5653AC2B-A4D4-49EA-BDBE-CBCB3FFD9597}"
EndProject
Global
	GlobalSection(SolutionConfigurationPlatforms) = preSolution
		Debug|Any CPU = Debug|Any CPU
		Release|Any CPU = Release|Any CPU
	EndGlobalSection
	GlobalSection(ProjectConfigurationPlatforms) = postSolution
		{5653AC2B-A4D4-49EA-BDBE-CBCB3FFD9597}.Debug|Any CPU.ActiveCfg = Debug|Any CPU
		{5653AC2B-A4D4-49EA-BDBE-CBCB3FFD9597}.Debug|Any CPU.Build.0 = Debug|Any CPU
		{5653AC2B-A4D4-49EA-BDBE-CBCB3FFD9597}.Release|Any CPU.ActiveCfg = Release|Any CPU
		{5653AC2B-A4D4-49EA-BDBE-CBCB3FFD9597}.Release|Any CPU.Build.0 = Release|Any CPU
	EndGlobalSection
	GlobalSection(SolutionProperties) = preSolution
		HideSolutionNode = FALSE
	EndGlobalSection
	GlobalSection(ExtensibilityGlobals) = postSolution
		SolutionGuid = {40933E28-DE7C-46E9-8A03-D31C1E7CFD92}
	EndGlobalSection
EndGlobal
