
Microsoft Visual Studio Solution File, Format Version 12.00
# Visual Studio Version 17
VisualStudioVersion = 17.13.35825.156 d17.13
MinimumVisualStudioVersion = 10.0.40219.1
Project("{FAE04EC0-301F-11D3-BF4B-00C04F79EFBC}") = "Homework6", "Homework6\Homework6.csproj", "{A05FE9B8-4119-461B-B1EB-50A0BD8DB593}"
EndProject
Global
	GlobalSection(SolutionConfigurationPlatforms) = preSolution
		Debug|Any CPU = Debug|Any CPU
		Release|Any CPU = Release|Any CPU
	EndGlobalSection
	GlobalSection(ProjectConfigurationPlatforms) = postSolution
		{A05FE9B8-4119-461B-B1EB-50A0BD8DB593}.Debug|Any CPU.ActiveCfg = Debug|Any CPU
		{A05FE9B8-4119-461B-B1EB-50A0BD8DB593}.Debug|Any CPU.Build.0 = Debug|Any CPU
		{A05FE9B8-4119-461B-B1EB-50A0BD8DB593}.Release|Any CPU.ActiveCfg = Release|Any CPU
		{A05FE9B8-4119-461B-B1EB-50A0BD8DB593}.Release|Any CPU.Build.0 = Release|Any CPU
	EndGlobalSection
	GlobalSection(SolutionProperties) = preSolution
		HideSolutionNode = FALSE
	EndGlobalSection
	GlobalSection(ExtensibilityGlobals) = postSolution
		SolutionGuid = {148E36A7-AF0B-47E9-ABC6-11B05F76E99C}
	EndGlobalSection
EndGlobal
