
Microsoft Visual Studio Solution File, Format Version 12.00
# Visual Studio Version 17
VisualStudioVersion = 17.13.35825.156 d17.13
MinimumVisualStudioVersion = 10.0.40219.1
Project("{FAE04EC0-301F-11D3-BF4B-00C04F79EFBC}") = "Generic", "Generic\Generic.csproj", "{83A7A71C-26C9-4D31-B164-3C23EAC77BEA}"
EndProject
Global
	GlobalSection(SolutionConfigurationPlatforms) = preSolution
		Debug|Any CPU = Debug|Any CPU
		Release|Any CPU = Release|Any CPU
	EndGlobalSection
	GlobalSection(ProjectConfigurationPlatforms) = postSolution
		{83A7A71C-26C9-4D31-B164-3C23EAC77BEA}.Debug|Any CPU.ActiveCfg = Debug|Any CPU
		{83A7A71C-26C9-4D31-B164-3C23EAC77BEA}.Debug|Any CPU.Build.0 = Debug|Any CPU
		{83A7A71C-26C9-4D31-B164-3C23EAC77BEA}.Release|Any CPU.ActiveCfg = Release|Any CPU
		{83A7A71C-26C9-4D31-B164-3C23EAC77BEA}.Release|Any CPU.Build.0 = Release|Any CPU
	EndGlobalSection
	GlobalSection(SolutionProperties) = preSolution
		HideSolutionNode = FALSE
	EndGlobalSection
	GlobalSection(ExtensibilityGlobals) = postSolution
		SolutionGuid = {2B89BB9A-0CAB-479C-88F8-B1870A893632}
	EndGlobalSection
EndGlobal
